{
  "name": "changesets-poc",
  "version": "1.0.0",
  "lockfileVersion": 3,
  "requires": true,
  "packages": {
    "": {
      "name": "changesets-poc",
      "version": "1.0.0",
      "license": "ISC",
      "workspaces": [
        "packages/*"
      ]
    },
    "node_modules/package-one": {
      "resolved": "packages/package-one",
      "link": true
    },
    "node_modules/package-three": {
      "resolved": "packages/package-three",
      "link": true
    },
    "node_modules/package-two": {
      "resolved": "packages/package-two",
      "link": true
    },
    "packages/package-one": {
      "version": "2.0.0",
      "license": "ISC"
    },
    "packages/package-three": {
      "version": "1.1.0",
      "license": "ISC",
      "dependencies": {
        "package-one": "*"
      }
    },
    "packages/package-two": {
      "version": "1.0.0",
      "license": "ISC"
    }
  }
}
